// !$*UTF8*$!
{
	archiveVersion = 1;
	classes = {
	};
	objectVersion = 56;
	objects = {

/* Begin PBXBuildFile section */
		A9076C5F2AB507B90080BCA4 /* BubbleCountdownTimer.swift in Sources */ = {isa = PBXBuildFile; fileRef = A9076C5E2AB507B90080BCA4 /* BubbleCountdownTimer.swift */; };
		A90D97A32ABA5257000D682C /* WelcomeView.swift in Sources */ = {isa = PBXBuildFile; fileRef = A90D97A22ABA5257000D682C /* WelcomeView.swift */; };
		A90D97A42ABA6E6E000D682C /* Assets.xcassets in Resources */ = {isa = PBXBuildFile; fileRef = A98F287F2A99CB6C002585F5 /* Assets.xcassets */; };
		A90D97A62ABA7286000D682C /* OnboardingItemView.swift in Sources */ = {isa = PBXBuildFile; fileRef = A90D97A52ABA7286000D682C /* OnboardingItemView.swift */; };
		A90D97A82ABA97EF000D682C /* RectangleButton.swift in Sources */ = {isa = PBXBuildFile; fileRef = A90D97A72ABA97EF000D682C /* RectangleButton.swift */; };
		A90D97AA2ABA99CE000D682C /* AppLaunchModel.swift in Sources */ = {isa = PBXBuildFile; fileRef = A90D97A92ABA99CE000D682C /* AppLaunchModel.swift */; };
		A90D97AE2ABA9CD4000D682C /* OnboardingItem.swift in Sources */ = {isa = PBXBuildFile; fileRef = A90D97AD2ABA9CD4000D682C /* OnboardingItem.swift */; };
		A90D97AF2ABA9DEF000D682C /* DeadlineSummaryFileService.swift in Sources */ = {isa = PBXBuildFile; fileRef = A9135B4E2AAAEB0800B5D628 /* DeadlineSummaryFileService.swift */; };
		A9135B4B2AAAB69700B5D628 /* DeadlineDeepLinkModel.swift in Sources */ = {isa = PBXBuildFile; fileRef = A9135B4A2AAAB69700B5D628 /* DeadlineDeepLinkModel.swift */; };
		A9135B4D2AAAE85000B5D628 /* WidgetUpdateManager.swift in Sources */ = {isa = PBXBuildFile; fileRef = A9135B4C2AAAE85000B5D628 /* WidgetUpdateManager.swift */; };
		A9135B4F2AAAEB0800B5D628 /* DeadlineSummaryFileService.swift in Sources */ = {isa = PBXBuildFile; fileRef = A9135B4E2AAAEB0800B5D628 /* DeadlineSummaryFileService.swift */; };
		A9135B512AAAECF000B5D628 /* AppGroupInjectedKeys.swift in Sources */ = {isa = PBXBuildFile; fileRef = A9BD67542AAA4BC700C1CC03 /* AppGroupInjectedKeys.swift */; };
		A9135B522AAAF06A00B5D628 /* TimeFlareWidgetConfigurationIntent.swift in Sources */ = {isa = PBXBuildFile; fileRef = A9BD67442AA9A3BB00C1CC03 /* TimeFlareWidgetConfigurationIntent.swift */; };
		A9135B562AAAFCFA00B5D628 /* DeadlineSummaryBodyView.swift in Sources */ = {isa = PBXBuildFile; fileRef = A9135B542AAAFCD700B5D628 /* DeadlineSummaryBodyView.swift */; };
		A9200B9D2A9DA7190017C9BA /* DeadlineManager.swift in Sources */ = {isa = PBXBuildFile; fileRef = A9200B9C2A9DA7190017C9BA /* DeadlineManager.swift */; };
		A9200B9F2A9DC2070017C9BA /* Namespace.swift in Sources */ = {isa = PBXBuildFile; fileRef = A9200B9E2A9DC2070017C9BA /* Namespace.swift */; };
		A9200BA32A9DC2BF0017C9BA /* NewDeadlineForm.swift in Sources */ = {isa = PBXBuildFile; fileRef = A9200BA22A9DC2BF0017C9BA /* NewDeadlineForm.swift */; };
		A9200BA52A9E796C0017C9BA /* ImagePickerView.swift in Sources */ = {isa = PBXBuildFile; fileRef = A9200BA42A9E796C0017C9BA /* ImagePickerView.swift */; };
		A9200BA72A9E94DB0017C9BA /* FileService.swift in Sources */ = {isa = PBXBuildFile; fileRef = A9200BA62A9E94DB0017C9BA /* FileService.swift */; };
		A9200BAA2A9EA6340017C9BA /* ImagePickerViewController.swift in Sources */ = {isa = PBXBuildFile; fileRef = A9200BA92A9EA6340017C9BA /* ImagePickerViewController.swift */; };
		A9200BAC2A9EAE1B0017C9BA /* NonEditingImagePickerView.swift in Sources */ = {isa = PBXBuildFile; fileRef = A9200BAB2A9EAE1B0017C9BA /* NonEditingImagePickerView.swift */; };
		A9200BAE2A9EB7E30017C9BA /* InputTextField.swift in Sources */ = {isa = PBXBuildFile; fileRef = A9200BAD2A9EB7E30017C9BA /* InputTextField.swift */; };
		A9242A602AA14D52005C1BF5 /* DeadlineStorage.swift in Sources */ = {isa = PBXBuildFile; fileRef = A9242A5F2AA14D52005C1BF5 /* DeadlineStorage.swift */; };
		A9242A622AA1ACB1005C1BF5 /* FeaturedDeadline.swift in Sources */ = {isa = PBXBuildFile; fileRef = A9242A612AA1ACB1005C1BF5 /* FeaturedDeadline.swift */; };
		A95FD0582ABA26030016D929 /* UserDefaults.swift in Sources */ = {isa = PBXBuildFile; fileRef = A95FD0572ABA26030016D929 /* UserDefaults.swift */; };
		A96D99D02AA7C39900D30AD0 /* FeaturedDeadlineInfo.swift in Sources */ = {isa = PBXBuildFile; fileRef = A96D99CF2AA7C39900D30AD0 /* FeaturedDeadlineInfo.swift */; };
		A96D99D22AA7CE6700D30AD0 /* PrimaryWithSecondaryView.swift in Sources */ = {isa = PBXBuildFile; fileRef = A96D99D12AA7CE6700D30AD0 /* PrimaryWithSecondaryView.swift */; };
		A96D99D42AA7D1E900D30AD0 /* View+Extension.swift in Sources */ = {isa = PBXBuildFile; fileRef = A96D99D32AA7D1E900D30AD0 /* View+Extension.swift */; };
		A96D99D62AA7DD9600D30AD0 /* DeadlineListSection.swift in Sources */ = {isa = PBXBuildFile; fileRef = A96D99D52AA7DD9600D30AD0 /* DeadlineListSection.swift */; };
		A96D99D92AA8142400D30AD0 /* ImageThumbnail.swift in Sources */ = {isa = PBXBuildFile; fileRef = A96D99D82AA8142400D30AD0 /* ImageThumbnail.swift */; };
		A96D99DB2AA8210F00D30AD0 /* CenteredHStack.swift in Sources */ = {isa = PBXBuildFile; fileRef = A96D99DA2AA8210F00D30AD0 /* CenteredHStack.swift */; };
		A96D99DE2AA82B4D00D30AD0 /* DeadlineDetailsTitle.swift in Sources */ = {isa = PBXBuildFile; fileRef = A96D99DD2AA82B4D00D30AD0 /* DeadlineDetailsTitle.swift */; };
		A96D99E02AA82D1400D30AD0 /* DeadlineDetailCountdownView.swift in Sources */ = {isa = PBXBuildFile; fileRef = A96D99DF2AA82D1400D30AD0 /* DeadlineDetailCountdownView.swift */; };
		A96D99E22AA831ED00D30AD0 /* SnapshotDateView.swift in Sources */ = {isa = PBXBuildFile; fileRef = A96D99E12AA831ED00D30AD0 /* SnapshotDateView.swift */; };
		A97D4DF92AB294D400E1F720 /* DeadlineRowModel.swift in Sources */ = {isa = PBXBuildFile; fileRef = A97D4DF82AB294D400E1F720 /* DeadlineRowModel.swift */; };
		A97E32082ABD1D9B002652B5 /* PoliciesAndTermsView.swift in Sources */ = {isa = PBXBuildFile; fileRef = A97E32072ABD1D9B002652B5 /* PoliciesAndTermsView.swift */; };
		A98F287C2A99CB67002585F5 /* TimeFlareApp.swift in Sources */ = {isa = PBXBuildFile; fileRef = A98F287B2A99CB67002585F5 /* TimeFlareApp.swift */; };
		A98F287E2A99CB67002585F5 /* MainContentView.swift in Sources */ = {isa = PBXBuildFile; fileRef = A98F287D2A99CB67002585F5 /* MainContentView.swift */; };
		A98F28802A99CB6C002585F5 /* Assets.xcassets in Resources */ = {isa = PBXBuildFile; fileRef = A98F287F2A99CB6C002585F5 /* Assets.xcassets */; };
		A98F28832A99CB6C002585F5 /* Preview Assets.xcassets in Resources */ = {isa = PBXBuildFile; fileRef = A98F28822A99CB6C002585F5 /* Preview Assets.xcassets */; };
		A98F288B2A9A9099002585F5 /* LaunchScreen.storyboard in Resources */ = {isa = PBXBuildFile; fileRef = A98F288A2A9A9099002585F5 /* LaunchScreen.storyboard */; };
		A98F28932A9A9FB0002585F5 /* DeadlineRow.swift in Sources */ = {isa = PBXBuildFile; fileRef = A98F28922A9A9FB0002585F5 /* DeadlineRow.swift */; };
		A98F28952A9A9FD0002585F5 /* Deadline.swift in Sources */ = {isa = PBXBuildFile; fileRef = A98F28942A9A9FD0002585F5 /* Deadline.swift */; };
		A98F28A32A9D224D002585F5 /* SampleDeadline.swift in Sources */ = {isa = PBXBuildFile; fileRef = A98F28A22A9D224D002585F5 /* SampleDeadline.swift */; };
		A9A178162A9D2CD1000B62A7 /* uc_merced_seal.png in Resources */ = {isa = PBXBuildFile; fileRef = A9A178152A9D2CD1000B62A7 /* uc_merced_seal.png */; };
		A9A178182A9D2ED4000B62A7 /* Data+Extension.swift in Sources */ = {isa = PBXBuildFile; fileRef = A9A178172A9D2ED4000B62A7 /* Data+Extension.swift */; };
		A9A1781A2A9D326F000B62A7 /* DeadlineDashboard.swift in Sources */ = {isa = PBXBuildFile; fileRef = A9A178192A9D326F000B62A7 /* DeadlineDashboard.swift */; };
		A9A1781D2A9D34C0000B62A7 /* Image+Extension.swift in Sources */ = {isa = PBXBuildFile; fileRef = A9A1781C2A9D34C0000B62A7 /* Image+Extension.swift */; };
		A9A178202A9D3721000B62A7 /* DashboardToolbar.swift in Sources */ = {isa = PBXBuildFile; fileRef = A9A1781F2A9D3721000B62A7 /* DashboardToolbar.swift */; };
		A9A7A0012AA30A3400C3FCAA /* EmptyDeadlinesView.swift in Sources */ = {isa = PBXBuildFile; fileRef = A9A7A0002AA30A3400C3FCAA /* EmptyDeadlinesView.swift */; };
		A9B37A932ABC04860077621B /* DateComponent.swift in Sources */ = {isa = PBXBuildFile; fileRef = A9B37A922ABC04860077621B /* DateComponent.swift */; };
		A9B37A942ABC049A0077621B /* DateUtil.swift in Sources */ = {isa = PBXBuildFile; fileRef = A9B7749D2AA056900037E598 /* DateUtil.swift */; };
		A9B37A952ABC049D0077621B /* DateComponent.swift in Sources */ = {isa = PBXBuildFile; fileRef = A9B37A922ABC04860077621B /* DateComponent.swift */; };
		A9B71C692AB8F03F0049061D /* BubbleDateComponentView.swift in Sources */ = {isa = PBXBuildFile; fileRef = A9B71C682AB8F03F0049061D /* BubbleDateComponentView.swift */; };
		A9B71C6B2AB8F0590049061D /* DateItem.swift in Sources */ = {isa = PBXBuildFile; fileRef = A9B71C6A2AB8F0590049061D /* DateItem.swift */; };
		A9B774972A9FE7310037E598 /* DeadlineDetails.swift in Sources */ = {isa = PBXBuildFile; fileRef = A9B774962A9FE7310037E598 /* DeadlineDetails.swift */; };
		A9B7749C2AA0558A0037E598 /* CountdownDateTimer.swift in Sources */ = {isa = PBXBuildFile; fileRef = A9B7749B2AA0558A0037E598 /* CountdownDateTimer.swift */; };
		A9B7749E2AA056900037E598 /* DateUtil.swift in Sources */ = {isa = PBXBuildFile; fileRef = A9B7749D2AA056900037E598 /* DateUtil.swift */; };
		A9B774A02AA05A330037E598 /* Int+Extension.swift in Sources */ = {isa = PBXBuildFile; fileRef = A9B7749F2AA05A330037E598 /* Int+Extension.swift */; };
		A9B774A52AA13D5A0037E598 /* Injected.swift in Sources */ = {isa = PBXBuildFile; fileRef = A9B774A42AA13D5A0037E598 /* Injected.swift */; };
		A9BD67192AA91E1600C1CC03 /* WidgetKit.framework in Frameworks */ = {isa = PBXBuildFile; fileRef = A9BD67182AA91E1600C1CC03 /* WidgetKit.framework */; };
		A9BD671B2AA91E1600C1CC03 /* SwiftUI.framework in Frameworks */ = {isa = PBXBuildFile; fileRef = A9BD671A2AA91E1600C1CC03 /* SwiftUI.framework */; };
		A9BD671E2AA91E1600C1CC03 /* TimeFlareWidgetBundle.swift in Sources */ = {isa = PBXBuildFile; fileRef = A9BD671D2AA91E1600C1CC03 /* TimeFlareWidgetBundle.swift */; };
		A9BD67202AA91E1600C1CC03 /* TimeFlareWidget.swift in Sources */ = {isa = PBXBuildFile; fileRef = A9BD671F2AA91E1600C1CC03 /* TimeFlareWidget.swift */; };
		A9BD67222AA91E1800C1CC03 /* Assets.xcassets in Resources */ = {isa = PBXBuildFile; fileRef = A9BD67212AA91E1800C1CC03 /* Assets.xcassets */; };
		A9BD67262AA91E1800C1CC03 /* TimeFlareWidgetExtension.appex in Embed Foundation Extensions */ = {isa = PBXBuildFile; fileRef = A9BD67162AA91E1600C1CC03 /* TimeFlareWidgetExtension.appex */; settings = {ATTRIBUTES = (RemoveHeadersOnCopy, ); }; };
		A9BD67312AA9206600C1CC03 /* Provider.swift in Sources */ = {isa = PBXBuildFile; fileRef = A9BD67302AA9206600C1CC03 /* Provider.swift */; };
		A9BD67332AA9208E00C1CC03 /* DeadlineCountdownEntry.swift in Sources */ = {isa = PBXBuildFile; fileRef = A9BD67322AA9208E00C1CC03 /* DeadlineCountdownEntry.swift */; };
		A9BD67362AA920B900C1CC03 /* TimeFlareWidgetEntryView.swift in Sources */ = {isa = PBXBuildFile; fileRef = A9BD67352AA920B900C1CC03 /* TimeFlareWidgetEntryView.swift */; };
		A9BD67382AA9219A00C1CC03 /* Data+Extension.swift in Sources */ = {isa = PBXBuildFile; fileRef = A9A178172A9D2ED4000B62A7 /* Data+Extension.swift */; };
		A9BD673C2AA92F6B00C1CC03 /* AppGroup.swift in Sources */ = {isa = PBXBuildFile; fileRef = A9BD673B2AA92F6B00C1CC03 /* AppGroup.swift */; };
		A9BD673D2AA92F6B00C1CC03 /* AppGroup.swift in Sources */ = {isa = PBXBuildFile; fileRef = A9BD673B2AA92F6B00C1CC03 /* AppGroup.swift */; };
		A9BD67432AA96D7400C1CC03 /* DeadlineSchemaMigrationPlan.swift in Sources */ = {isa = PBXBuildFile; fileRef = A9242A5D2AA14D15005C1BF5 /* DeadlineSchemaMigrationPlan.swift */; };
		A9BD67462AA9A3BB00C1CC03 /* TimeFlareWidgetConfigurationIntent.swift in Sources */ = {isa = PBXBuildFile; fileRef = A9BD67442AA9A3BB00C1CC03 /* TimeFlareWidgetConfigurationIntent.swift */; };
		A9BD67492AA9A63E00C1CC03 /* DeadlineSummary.swift in Sources */ = {isa = PBXBuildFile; fileRef = A9BD67472AA9A63E00C1CC03 /* DeadlineSummary.swift */; };
		A9BD674D2AA9A9A400C1CC03 /* DeadlineSummaryEntityQuery.swift in Sources */ = {isa = PBXBuildFile; fileRef = A9BD674B2AA9A9A400C1CC03 /* DeadlineSummaryEntityQuery.swift */; };
		A9BD67502AAA4B8900C1CC03 /* InjectedKeys.swift in Sources */ = {isa = PBXBuildFile; fileRef = A9BD674F2AAA4B8900C1CC03 /* InjectedKeys.swift */; };
		A9BD67522AAA4BA100C1CC03 /* Injected.swift in Sources */ = {isa = PBXBuildFile; fileRef = A9B774A42AA13D5A0037E598 /* Injected.swift */; };
		A9BD67552AAA4BC700C1CC03 /* AppGroupInjectedKeys.swift in Sources */ = {isa = PBXBuildFile; fileRef = A9BD67542AAA4BC700C1CC03 /* AppGroupInjectedKeys.swift */; };
		A9BD67572AAA4D4900C1CC03 /* DeadlineSummary.swift in Sources */ = {isa = PBXBuildFile; fileRef = A9BD67472AA9A63E00C1CC03 /* DeadlineSummary.swift */; };
		A9BD67582AAA512500C1CC03 /* DeadlineSummaryEntityQuery.swift in Sources */ = {isa = PBXBuildFile; fileRef = A9BD674B2AA9A9A400C1CC03 /* DeadlineSummaryEntityQuery.swift */; };
		A9BD67592AAA7E2200C1CC03 /* Int+Extension.swift in Sources */ = {isa = PBXBuildFile; fileRef = A9B7749F2AA05A330037E598 /* Int+Extension.swift */; };
		A9BD675C2AAA832000C1CC03 /* DeadlineSummaryHeadlineView.swift in Sources */ = {isa = PBXBuildFile; fileRef = A9BD675A2AAA832000C1CC03 /* DeadlineSummaryHeadlineView.swift */; };
		A9BD675E2AAA850800C1CC03 /* DeadlineCountdownView.swift in Sources */ = {isa = PBXBuildFile; fileRef = A9BD675D2AAA850800C1CC03 /* DeadlineCountdownView.swift */; };
		A9BD675F2AAA850800C1CC03 /* DeadlineCountdownView.swift in Sources */ = {isa = PBXBuildFile; fileRef = A9BD675D2AAA850800C1CC03 /* DeadlineCountdownView.swift */; };
		A9BD67612AAA857700C1CC03 /* DeadlineDayAndYearView.swift in Sources */ = {isa = PBXBuildFile; fileRef = A9BD67602AAA857700C1CC03 /* DeadlineDayAndYearView.swift */; };
		A9BD67622AAA857700C1CC03 /* DeadlineDayAndYearView.swift in Sources */ = {isa = PBXBuildFile; fileRef = A9BD67602AAA857700C1CC03 /* DeadlineDayAndYearView.swift */; };
		A9BD67652AAA8A5500C1CC03 /* DeadlineSummaryView.swift in Sources */ = {isa = PBXBuildFile; fileRef = A9BD67632AAA8A5500C1CC03 /* DeadlineSummaryView.swift */; };
		A9BD67682AAA8ACE00C1CC03 /* NoDeadlineSummarySelectedView.swift in Sources */ = {isa = PBXBuildFile; fileRef = A9BD67662AAA8ACE00C1CC03 /* NoDeadlineSummarySelectedView.swift */; };
		A9BD676B2AAAA86E00C1CC03 /* DeepLink.swift in Sources */ = {isa = PBXBuildFile; fileRef = A9BD676A2AAAA86E00C1CC03 /* DeepLink.swift */; };
		A9BD676C2AAAA86E00C1CC03 /* DeepLink.swift in Sources */ = {isa = PBXBuildFile; fileRef = A9BD676A2AAAA86E00C1CC03 /* DeepLink.swift */; };
		A9CCCB6C2A9EF023006B45AD /* InputDatePicker.swift in Sources */ = {isa = PBXBuildFile; fileRef = A9CCCB6B2A9EF023006B45AD /* InputDatePicker.swift */; };
/* End PBXBuildFile section */

/* Begin PBXContainerItemProxy section */
		A9BD67242AA91E1800C1CC03 /* PBXContainerItemProxy */ = {
			isa = PBXContainerItemProxy;
			containerPortal = A98F28702A99CB67002585F5 /* Project object */;
			proxyType = 1;
			remoteGlobalIDString = A9BD67152AA91E1600C1CC03;
			remoteInfo = TimeFlareWidgetExtension;
		};
/* End PBXContainerItemProxy section */

/* Begin PBXCopyFilesBuildPhase section */
		A9A178142A9D296F000B62A7 /* Embed Frameworks */ = {
			isa = PBXCopyFilesBuildPhase;
			buildActionMask = 12;
			dstPath = "";
			dstSubfolderSpec = 16;
			files = (
			);
			name = "Embed Frameworks";
			runOnlyForDeploymentPostprocessing = 0;
		};
		A9A178282A9D3F7A000B62A7 /* Embed Frameworks */ = {
			isa = PBXCopyFilesBuildPhase;
			buildActionMask = 2147483647;
			dstPath = "";
			dstSubfolderSpec = 10;
			files = (
			);
			name = "Embed Frameworks";
			runOnlyForDeploymentPostprocessing = 0;
		};
		A9BD67272AA91E1800C1CC03 /* Embed Foundation Extensions */ = {
			isa = PBXCopyFilesBuildPhase;
			buildActionMask = 2147483647;
			dstPath = "";
			dstSubfolderSpec = 13;
			files = (
				A9BD67262AA91E1800C1CC03 /* TimeFlareWidgetExtension.appex in Embed Foundation Extensions */,
			);
			name = "Embed Foundation Extensions";
			runOnlyForDeploymentPostprocessing = 0;
		};
/* End PBXCopyFilesBuildPhase section */

/* Begin PBXFileReference section */
		A9076C5E2AB507B90080BCA4 /* BubbleCountdownTimer.swift */ = {isa = PBXFileReference; lastKnownFileType = sourcecode.swift; path = BubbleCountdownTimer.swift; sourceTree = "<group>"; };
		A90D97A22ABA5257000D682C /* WelcomeView.swift */ = {isa = PBXFileReference; lastKnownFileType = sourcecode.swift; path = WelcomeView.swift; sourceTree = "<group>"; };
		A90D97A52ABA7286000D682C /* OnboardingItemView.swift */ = {isa = PBXFileReference; lastKnownFileType = sourcecode.swift; path = OnboardingItemView.swift; sourceTree = "<group>"; };
		A90D97A72ABA97EF000D682C /* RectangleButton.swift */ = {isa = PBXFileReference; lastKnownFileType = sourcecode.swift; path = RectangleButton.swift; sourceTree = "<group>"; };
		A90D97A92ABA99CE000D682C /* AppLaunchModel.swift */ = {isa = PBXFileReference; lastKnownFileType = sourcecode.swift; path = AppLaunchModel.swift; sourceTree = "<group>"; };
		A90D97AD2ABA9CD4000D682C /* OnboardingItem.swift */ = {isa = PBXFileReference; lastKnownFileType = sourcecode.swift; path = OnboardingItem.swift; sourceTree = "<group>"; };
		A9135B4A2AAAB69700B5D628 /* DeadlineDeepLinkModel.swift */ = {isa = PBXFileReference; lastKnownFileType = sourcecode.swift; path = DeadlineDeepLinkModel.swift; sourceTree = "<group>"; };
		A9135B4C2AAAE85000B5D628 /* WidgetUpdateManager.swift */ = {isa = PBXFileReference; lastKnownFileType = sourcecode.swift; path = WidgetUpdateManager.swift; sourceTree = "<group>"; };
		A9135B4E2AAAEB0800B5D628 /* DeadlineSummaryFileService.swift */ = {isa = PBXFileReference; lastKnownFileType = sourcecode.swift; path = DeadlineSummaryFileService.swift; sourceTree = "<group>"; };
		A9135B542AAAFCD700B5D628 /* DeadlineSummaryBodyView.swift */ = {isa = PBXFileReference; lastKnownFileType = sourcecode.swift; path = DeadlineSummaryBodyView.swift; sourceTree = "<group>"; };
		A9200B9C2A9DA7190017C9BA /* DeadlineManager.swift */ = {isa = PBXFileReference; lastKnownFileType = sourcecode.swift; path = DeadlineManager.swift; sourceTree = "<group>"; };
		A9200B9E2A9DC2070017C9BA /* Namespace.swift */ = {isa = PBXFileReference; lastKnownFileType = sourcecode.swift; path = Namespace.swift; sourceTree = "<group>"; };
		A9200BA22A9DC2BF0017C9BA /* NewDeadlineForm.swift */ = {isa = PBXFileReference; lastKnownFileType = sourcecode.swift; path = NewDeadlineForm.swift; sourceTree = "<group>"; };
		A9200BA42A9E796C0017C9BA /* ImagePickerView.swift */ = {isa = PBXFileReference; lastKnownFileType = sourcecode.swift; path = ImagePickerView.swift; sourceTree = "<group>"; };
		A9200BA62A9E94DB0017C9BA /* FileService.swift */ = {isa = PBXFileReference; lastKnownFileType = sourcecode.swift; path = FileService.swift; sourceTree = "<group>"; };
		A9200BA92A9EA6340017C9BA /* ImagePickerViewController.swift */ = {isa = PBXFileReference; lastKnownFileType = sourcecode.swift; path = ImagePickerViewController.swift; sourceTree = "<group>"; };
		A9200BAB2A9EAE1B0017C9BA /* NonEditingImagePickerView.swift */ = {isa = PBXFileReference; lastKnownFileType = sourcecode.swift; path = NonEditingImagePickerView.swift; sourceTree = "<group>"; };
		A9200BAD2A9EB7E30017C9BA /* InputTextField.swift */ = {isa = PBXFileReference; lastKnownFileType = sourcecode.swift; path = InputTextField.swift; sourceTree = "<group>"; };
		A9242A5D2AA14D15005C1BF5 /* DeadlineSchemaMigrationPlan.swift */ = {isa = PBXFileReference; lastKnownFileType = sourcecode.swift; path = DeadlineSchemaMigrationPlan.swift; sourceTree = "<group>"; };
		A9242A5F2AA14D52005C1BF5 /* DeadlineStorage.swift */ = {isa = PBXFileReference; lastKnownFileType = sourcecode.swift; path = DeadlineStorage.swift; sourceTree = "<group>"; };
		A9242A612AA1ACB1005C1BF5 /* FeaturedDeadline.swift */ = {isa = PBXFileReference; lastKnownFileType = sourcecode.swift; path = FeaturedDeadline.swift; sourceTree = "<group>"; };
		A95FD0572ABA26030016D929 /* UserDefaults.swift */ = {isa = PBXFileReference; lastKnownFileType = sourcecode.swift; path = UserDefaults.swift; sourceTree = "<group>"; };
		A96D99CF2AA7C39900D30AD0 /* FeaturedDeadlineInfo.swift */ = {isa = PBXFileReference; lastKnownFileType = sourcecode.swift; path = FeaturedDeadlineInfo.swift; sourceTree = "<group>"; };
		A96D99D12AA7CE6700D30AD0 /* PrimaryWithSecondaryView.swift */ = {isa = PBXFileReference; lastKnownFileType = sourcecode.swift; path = PrimaryWithSecondaryView.swift; sourceTree = "<group>"; };
		A96D99D32AA7D1E900D30AD0 /* View+Extension.swift */ = {isa = PBXFileReference; lastKnownFileType = sourcecode.swift; path = "View+Extension.swift"; sourceTree = "<group>"; };
		A96D99D52AA7DD9600D30AD0 /* DeadlineListSection.swift */ = {isa = PBXFileReference; lastKnownFileType = sourcecode.swift; path = DeadlineListSection.swift; sourceTree = "<group>"; };
		A96D99D82AA8142400D30AD0 /* ImageThumbnail.swift */ = {isa = PBXFileReference; lastKnownFileType = sourcecode.swift; path = ImageThumbnail.swift; sourceTree = "<group>"; };
		A96D99DA2AA8210F00D30AD0 /* CenteredHStack.swift */ = {isa = PBXFileReference; lastKnownFileType = sourcecode.swift; path = CenteredHStack.swift; sourceTree = "<group>"; };
		A96D99DD2AA82B4D00D30AD0 /* DeadlineDetailsTitle.swift */ = {isa = PBXFileReference; lastKnownFileType = sourcecode.swift; path = DeadlineDetailsTitle.swift; sourceTree = "<group>"; };
		A96D99DF2AA82D1400D30AD0 /* DeadlineDetailCountdownView.swift */ = {isa = PBXFileReference; lastKnownFileType = sourcecode.swift; path = DeadlineDetailCountdownView.swift; sourceTree = "<group>"; };
		A96D99E12AA831ED00D30AD0 /* SnapshotDateView.swift */ = {isa = PBXFileReference; lastKnownFileType = sourcecode.swift; path = SnapshotDateView.swift; sourceTree = "<group>"; };
		A97D4DF82AB294D400E1F720 /* DeadlineRowModel.swift */ = {isa = PBXFileReference; lastKnownFileType = sourcecode.swift; path = DeadlineRowModel.swift; sourceTree = "<group>"; };
		A97E32072ABD1D9B002652B5 /* PoliciesAndTermsView.swift */ = {isa = PBXFileReference; lastKnownFileType = sourcecode.swift; path = PoliciesAndTermsView.swift; sourceTree = "<group>"; };
		A98F287B2A99CB67002585F5 /* TimeFlareApp.swift */ = {isa = PBXFileReference; lastKnownFileType = sourcecode.swift; path = TimeFlareApp.swift; sourceTree = "<group>"; };
		A98F287D2A99CB67002585F5 /* MainContentView.swift */ = {isa = PBXFileReference; lastKnownFileType = sourcecode.swift; path = MainContentView.swift; sourceTree = "<group>"; };
		A98F287F2A99CB6C002585F5 /* Assets.xcassets */ = {isa = PBXFileReference; lastKnownFileType = folder.assetcatalog; path = Assets.xcassets; sourceTree = "<group>"; };
		A98F28822A99CB6C002585F5 /* Preview Assets.xcassets */ = {isa = PBXFileReference; lastKnownFileType = folder.assetcatalog; path = "Preview Assets.xcassets"; sourceTree = "<group>"; };
		A98F28892A9A892B002585F5 /* Info.plist */ = {isa = PBXFileReference; lastKnownFileType = text.plist; path = Info.plist; sourceTree = "<group>"; };
		A98F288A2A9A9099002585F5 /* LaunchScreen.storyboard */ = {isa = PBXFileReference; lastKnownFileType = file.storyboard; path = LaunchScreen.storyboard; sourceTree = "<group>"; };
		A98F28922A9A9FB0002585F5 /* DeadlineRow.swift */ = {isa = PBXFileReference; lastKnownFileType = sourcecode.swift; path = DeadlineRow.swift; sourceTree = "<group>"; };
		A98F28942A9A9FD0002585F5 /* Deadline.swift */ = {isa = PBXFileReference; lastKnownFileType = sourcecode.swift; path = Deadline.swift; sourceTree = "<group>"; };
		A98F28A22A9D224D002585F5 /* SampleDeadline.swift */ = {isa = PBXFileReference; lastKnownFileType = sourcecode.swift; path = SampleDeadline.swift; sourceTree = "<group>"; };
		A9A178152A9D2CD1000B62A7 /* uc_merced_seal.png */ = {isa = PBXFileReference; lastKnownFileType = image.png; path = uc_merced_seal.png; sourceTree = "<group>"; };
		A9A178172A9D2ED4000B62A7 /* Data+Extension.swift */ = {isa = PBXFileReference; lastKnownFileType = sourcecode.swift; path = "Data+Extension.swift"; sourceTree = "<group>"; };
		A9A178192A9D326F000B62A7 /* DeadlineDashboard.swift */ = {isa = PBXFileReference; lastKnownFileType = sourcecode.swift; path = DeadlineDashboard.swift; sourceTree = "<group>"; };
		A9A1781C2A9D34C0000B62A7 /* Image+Extension.swift */ = {isa = PBXFileReference; lastKnownFileType = sourcecode.swift; path = "Image+Extension.swift"; sourceTree = "<group>"; };
		A9A1781F2A9D3721000B62A7 /* DashboardToolbar.swift */ = {isa = PBXFileReference; lastKnownFileType = sourcecode.swift; path = DashboardToolbar.swift; sourceTree = "<group>"; };
		A9A7A0002AA30A3400C3FCAA /* EmptyDeadlinesView.swift */ = {isa = PBXFileReference; lastKnownFileType = sourcecode.swift; path = EmptyDeadlinesView.swift; sourceTree = "<group>"; };
		A9B37A922ABC04860077621B /* DateComponent.swift */ = {isa = PBXFileReference; lastKnownFileType = sourcecode.swift; path = DateComponent.swift; sourceTree = "<group>"; };
		A9B71C682AB8F03F0049061D /* BubbleDateComponentView.swift */ = {isa = PBXFileReference; lastKnownFileType = sourcecode.swift; path = BubbleDateComponentView.swift; sourceTree = "<group>"; };
		A9B71C6A2AB8F0590049061D /* DateItem.swift */ = {isa = PBXFileReference; lastKnownFileType = sourcecode.swift; path = DateItem.swift; sourceTree = "<group>"; };
		A9B774962A9FE7310037E598 /* DeadlineDetails.swift */ = {isa = PBXFileReference; lastKnownFileType = sourcecode.swift; path = DeadlineDetails.swift; sourceTree = "<group>"; };
		A9B7749B2AA0558A0037E598 /* CountdownDateTimer.swift */ = {isa = PBXFileReference; lastKnownFileType = sourcecode.swift; path = CountdownDateTimer.swift; sourceTree = "<group>"; };
		A9B7749D2AA056900037E598 /* DateUtil.swift */ = {isa = PBXFileReference; lastKnownFileType = sourcecode.swift; path = DateUtil.swift; sourceTree = "<group>"; };
		A9B7749F2AA05A330037E598 /* Int+Extension.swift */ = {isa = PBXFileReference; lastKnownFileType = sourcecode.swift; path = "Int+Extension.swift"; sourceTree = "<group>"; };
		A9B774A42AA13D5A0037E598 /* Injected.swift */ = {isa = PBXFileReference; fileEncoding = 4; lastKnownFileType = sourcecode.swift; path = Injected.swift; sourceTree = "<group>"; };
		A9BD67162AA91E1600C1CC03 /* TimeFlareWidgetExtension.appex */ = {isa = PBXFileReference; explicitFileType = "wrapper.app-extension"; includeInIndex = 0; path = TimeFlareWidgetExtension.appex; sourceTree = BUILT_PRODUCTS_DIR; };
		A9BD67182AA91E1600C1CC03 /* WidgetKit.framework */ = {isa = PBXFileReference; lastKnownFileType = wrapper.framework; name = WidgetKit.framework; path = System/Library/Frameworks/WidgetKit.framework; sourceTree = SDKROOT; };
		A9BD671A2AA91E1600C1CC03 /* SwiftUI.framework */ = {isa = PBXFileReference; lastKnownFileType = wrapper.framework; name = SwiftUI.framework; path = System/Library/Frameworks/SwiftUI.framework; sourceTree = SDKROOT; };
		A9BD671D2AA91E1600C1CC03 /* TimeFlareWidgetBundle.swift */ = {isa = PBXFileReference; lastKnownFileType = sourcecode.swift; path = TimeFlareWidgetBundle.swift; sourceTree = "<group>"; };
		A9BD671F2AA91E1600C1CC03 /* TimeFlareWidget.swift */ = {isa = PBXFileReference; lastKnownFileType = sourcecode.swift; path = TimeFlareWidget.swift; sourceTree = "<group>"; };
		A9BD67212AA91E1800C1CC03 /* Assets.xcassets */ = {isa = PBXFileReference; lastKnownFileType = folder.assetcatalog; path = Assets.xcassets; sourceTree = "<group>"; };
		A9BD67232AA91E1800C1CC03 /* Info.plist */ = {isa = PBXFileReference; lastKnownFileType = text.plist.xml; path = Info.plist; sourceTree = "<group>"; };
		A9BD67302AA9206600C1CC03 /* Provider.swift */ = {isa = PBXFileReference; lastKnownFileType = sourcecode.swift; path = Provider.swift; sourceTree = "<group>"; };
		A9BD67322AA9208E00C1CC03 /* DeadlineCountdownEntry.swift */ = {isa = PBXFileReference; lastKnownFileType = sourcecode.swift; path = DeadlineCountdownEntry.swift; sourceTree = "<group>"; };
		A9BD67352AA920B900C1CC03 /* TimeFlareWidgetEntryView.swift */ = {isa = PBXFileReference; lastKnownFileType = sourcecode.swift; path = TimeFlareWidgetEntryView.swift; sourceTree = "<group>"; };
		A9BD67392AA9284000C1CC03 /* TimeFlare.entitlements */ = {isa = PBXFileReference; lastKnownFileType = text.plist.entitlements; path = TimeFlare.entitlements; sourceTree = "<group>"; };
		A9BD673A2AA92DCB00C1CC03 /* TimeFlareWidgetExtension.entitlements */ = {isa = PBXFileReference; lastKnownFileType = text.plist.entitlements; path = TimeFlareWidgetExtension.entitlements; sourceTree = "<group>"; };
		A9BD673B2AA92F6B00C1CC03 /* AppGroup.swift */ = {isa = PBXFileReference; lastKnownFileType = sourcecode.swift; path = AppGroup.swift; sourceTree = "<group>"; };
		A9BD67442AA9A3BB00C1CC03 /* TimeFlareWidgetConfigurationIntent.swift */ = {isa = PBXFileReference; lastKnownFileType = sourcecode.swift; path = TimeFlareWidgetConfigurationIntent.swift; sourceTree = "<group>"; };
		A9BD67472AA9A63E00C1CC03 /* DeadlineSummary.swift */ = {isa = PBXFileReference; lastKnownFileType = sourcecode.swift; path = DeadlineSummary.swift; sourceTree = "<group>"; };
		A9BD674B2AA9A9A400C1CC03 /* DeadlineSummaryEntityQuery.swift */ = {isa = PBXFileReference; lastKnownFileType = sourcecode.swift; path = DeadlineSummaryEntityQuery.swift; sourceTree = "<group>"; };
		A9BD674F2AAA4B8900C1CC03 /* InjectedKeys.swift */ = {isa = PBXFileReference; lastKnownFileType = sourcecode.swift; path = InjectedKeys.swift; sourceTree = "<group>"; };
		A9BD67542AAA4BC700C1CC03 /* AppGroupInjectedKeys.swift */ = {isa = PBXFileReference; lastKnownFileType = sourcecode.swift; path = AppGroupInjectedKeys.swift; sourceTree = "<group>"; };
		A9BD675A2AAA832000C1CC03 /* DeadlineSummaryHeadlineView.swift */ = {isa = PBXFileReference; lastKnownFileType = sourcecode.swift; path = DeadlineSummaryHeadlineView.swift; sourceTree = "<group>"; };
		A9BD675D2AAA850800C1CC03 /* DeadlineCountdownView.swift */ = {isa = PBXFileReference; lastKnownFileType = sourcecode.swift; path = DeadlineCountdownView.swift; sourceTree = "<group>"; };
		A9BD67602AAA857700C1CC03 /* DeadlineDayAndYearView.swift */ = {isa = PBXFileReference; lastKnownFileType = sourcecode.swift; path = DeadlineDayAndYearView.swift; sourceTree = "<group>"; };
		A9BD67632AAA8A5500C1CC03 /* DeadlineSummaryView.swift */ = {isa = PBXFileReference; lastKnownFileType = sourcecode.swift; path = DeadlineSummaryView.swift; sourceTree = "<group>"; };
		A9BD67662AAA8ACE00C1CC03 /* NoDeadlineSummarySelectedView.swift */ = {isa = PBXFileReference; lastKnownFileType = sourcecode.swift; path = NoDeadlineSummarySelectedView.swift; sourceTree = "<group>"; };
		A9BD676A2AAAA86E00C1CC03 /* DeepLink.swift */ = {isa = PBXFileReference; lastKnownFileType = sourcecode.swift; path = DeepLink.swift; sourceTree = "<group>"; };
		A9CCCB6A2A9EE23A006B45AD /* TimeFlare.app */ = {isa = PBXFileReference; explicitFileType = wrapper.application; includeInIndex = 0; path = TimeFlare.app; sourceTree = BUILT_PRODUCTS_DIR; };
		A9CCCB6B2A9EF023006B45AD /* InputDatePicker.swift */ = {isa = PBXFileReference; lastKnownFileType = sourcecode.swift; path = InputDatePicker.swift; sourceTree = "<group>"; };
/* End PBXFileReference section */

/* Begin PBXFrameworksBuildPhase section */
		A98F28752A99CB67002585F5 /* Frameworks */ = {
			isa = PBXFrameworksBuildPhase;
			buildActionMask = 2147483647;
			files = (
			);
			runOnlyForDeploymentPostprocessing = 0;
		};
		A9BD67132AA91E1600C1CC03 /* Frameworks */ = {
			isa = PBXFrameworksBuildPhase;
			buildActionMask = 2147483647;
			files = (
				A9BD671B2AA91E1600C1CC03 /* SwiftUI.framework in Frameworks */,
				A9BD67192AA91E1600C1CC03 /* WidgetKit.framework in Frameworks */,
			);
			runOnlyForDeploymentPostprocessing = 0;
		};
/* End PBXFrameworksBuildPhase section */

/* Begin PBXGroup section */
		A90D97A12ABA5244000D682C /* Onboarding */ = {
			isa = PBXGroup;
			children = (
				A90D97A22ABA5257000D682C /* WelcomeView.swift */,
				A90D97A52ABA7286000D682C /* OnboardingItemView.swift */,
			);
			path = Onboarding;
			sourceTree = "<group>";
		};
		A90D97AB2ABA9C99000D682C /* Dashboard_Models */ = {
			isa = PBXGroup;
			children = (
				A90D97A92ABA99CE000D682C /* AppLaunchModel.swift */,
				A97D4DF82AB294D400E1F720 /* DeadlineRowModel.swift */,
				A9135B4A2AAAB69700B5D628 /* DeadlineDeepLinkModel.swift */,
			);
			path = Dashboard_Models;
			sourceTree = "<group>";
		};
		A90D97AC2ABA9CB0000D682C /* Entities */ = {
			isa = PBXGroup;
			children = (
				A9B71C6A2AB8F0590049061D /* DateItem.swift */,
				A98F28942A9A9FD0002585F5 /* Deadline.swift */,
				A90D97AD2ABA9CD4000D682C /* OnboardingItem.swift */,
			);
			path = Entities;
			sourceTree = "<group>";
		};
		A9200BA82A9EA60A0017C9BA /* ImagePicker */ = {
			isa = PBXGroup;
			children = (
				A9200BA42A9E796C0017C9BA /* ImagePickerView.swift */,
				A9200BA92A9EA6340017C9BA /* ImagePickerViewController.swift */,
				A9200BAB2A9EAE1B0017C9BA /* NonEditingImagePickerView.swift */,
				A96D99D82AA8142400D30AD0 /* ImageThumbnail.swift */,
			);
			path = ImagePicker;
			sourceTree = "<group>";
		};
		A95FD0562ABA25ED0016D929 /* User_Defaults */ = {
			isa = PBXGroup;
			children = (
				A95FD0572ABA26030016D929 /* UserDefaults.swift */,
			);
			path = User_Defaults;
			sourceTree = "<group>";
		};
		A96D99CC2AA7C00A00D30AD0 /* Storage */ = {
			isa = PBXGroup;
			children = (
				A9242A5F2AA14D52005C1BF5 /* DeadlineStorage.swift */,
				A9242A5D2AA14D15005C1BF5 /* DeadlineSchemaMigrationPlan.swift */,
				A9135B4E2AAAEB0800B5D628 /* DeadlineSummaryFileService.swift */,
			);
			path = Storage;
			sourceTree = "<group>";
		};
		A96D99CD2AA7C0C900D30AD0 /* Deadline_Dashboard */ = {
			isa = PBXGroup;
			children = (
				A96D99D72AA7E83600D30AD0 /* Dashboard_Components */,
				A9A178192A9D326F000B62A7 /* DeadlineDashboard.swift */,
				A96D99D52AA7DD9600D30AD0 /* DeadlineListSection.swift */,
			);
			path = Deadline_Dashboard;
			sourceTree = "<group>";
		};
		A96D99CE2AA7C37200D30AD0 /* Featured_Deadline */ = {
			isa = PBXGroup;
			children = (
				A9242A612AA1ACB1005C1BF5 /* FeaturedDeadline.swift */,
				A96D99CF2AA7C39900D30AD0 /* FeaturedDeadlineInfo.swift */,
			);
			path = Featured_Deadline;
			sourceTree = "<group>";
		};
		A96D99D72AA7E83600D30AD0 /* Dashboard_Components */ = {
			isa = PBXGroup;
			children = (
				A9A7A0002AA30A3400C3FCAA /* EmptyDeadlinesView.swift */,
				A9A1781F2A9D3721000B62A7 /* DashboardToolbar.swift */,
				A98F28922A9A9FB0002585F5 /* DeadlineRow.swift */,
			);
			path = Dashboard_Components;
			sourceTree = "<group>";
		};
		A97E32062ABD1D73002652B5 /* Policies_And_Terms */ = {
			isa = PBXGroup;
			children = (
				A97E32072ABD1D9B002652B5 /* PoliciesAndTermsView.swift */,
			);
			path = Policies_And_Terms;
			sourceTree = "<group>";
		};
		A98F286F2A99CB67002585F5 = {
			isa = PBXGroup;
			children = (
				A9BD673A2AA92DCB00C1CC03 /* TimeFlareWidgetExtension.entitlements */,
				A98F287A2A99CB67002585F5 /* TimeFlare */,
				A9CCCB6A2A9EE23A006B45AD /* TimeFlare.app */,
				A9BD67162AA91E1600C1CC03 /* TimeFlareWidgetExtension.appex */,
				A9BD671C2AA91E1600C1CC03 /* TimeFlareWidget */,
				A9BD67172AA91E1600C1CC03 /* Frameworks */,
			);
			sourceTree = "<group>";
		};
		A98F287A2A99CB67002585F5 /* TimeFlare */ = {
			isa = PBXGroup;
			children = (
				A9BD67392AA9284000C1CC03 /* TimeFlare.entitlements */,
				A98F28A12A9D2233002585F5 /* Resources */,
				A98F28902A9A9F8B002585F5 /* Models */,
				A98F288E2A9A9F68002585F5 /* Views */,
				A9A1781B2A9D3364000B62A7 /* Components */,
				A98F288C2A9A9F5E002585F5 /* Util */,
				A98F287B2A99CB67002585F5 /* TimeFlareApp.swift */,
				A98F28892A9A892B002585F5 /* Info.plist */,
				A98F287F2A99CB6C002585F5 /* Assets.xcassets */,
				A98F288A2A9A9099002585F5 /* LaunchScreen.storyboard */,
				A98F28812A99CB6C002585F5 /* Preview Content */,
			);
			path = TimeFlare;
			sourceTree = "<group>";
		};
		A98F28812A99CB6C002585F5 /* Preview Content */ = {
			isa = PBXGroup;
			children = (
				A98F28822A99CB6C002585F5 /* Preview Assets.xcassets */,
			);
			path = "Preview Content";
			sourceTree = "<group>";
		};
		A98F288C2A9A9F5E002585F5 /* Util */ = {
			isa = PBXGroup;
			children = (
				A9B37A912ABC046D0077621B /* Date */,
				A9A178172A9D2ED4000B62A7 /* Data+Extension.swift */,
				A9B7749F2AA05A330037E598 /* Int+Extension.swift */,
				A96D99D32AA7D1E900D30AD0 /* View+Extension.swift */,
				A9A1781C2A9D34C0000B62A7 /* Image+Extension.swift */,
				A9200B9E2A9DC2070017C9BA /* Namespace.swift */,
				A9200BA62A9E94DB0017C9BA /* FileService.swift */,
				A9BD673B2AA92F6B00C1CC03 /* AppGroup.swift */,
				A9BD676A2AAAA86E00C1CC03 /* DeepLink.swift */,
			);
			path = Util;
			sourceTree = "<group>";
		};
		A98F288E2A9A9F68002585F5 /* Views */ = {
			isa = PBXGroup;
			children = (
				A98F287D2A99CB67002585F5 /* MainContentView.swift */,
				A90D97A12ABA5244000D682C /* Onboarding */,
				A96D99CD2AA7C0C900D30AD0 /* Deadline_Dashboard */,
				A98F28912A9A9F99002585F5 /* Deadline_Details */,
				A96D99CE2AA7C37200D30AD0 /* Featured_Deadline */,
				A97E32062ABD1D73002652B5 /* Policies_And_Terms */,
				A9200BA82A9EA60A0017C9BA /* ImagePicker */,
			);
			path = Views;
			sourceTree = "<group>";
		};
		A98F28902A9A9F8B002585F5 /* Models */ = {
			isa = PBXGroup;
			children = (
				A90D97AC2ABA9CB0000D682C /* Entities */,
				A90D97AB2ABA9C99000D682C /* Dashboard_Models */,
				A95FD0562ABA25ED0016D929 /* User_Defaults */,
				A9B774A32AA13D5A0037E598 /* Dependency_Injection */,
				A96D99CC2AA7C00A00D30AD0 /* Storage */,
				A9200B9C2A9DA7190017C9BA /* DeadlineManager.swift */,
				A9135B4C2AAAE85000B5D628 /* WidgetUpdateManager.swift */,
			);
			path = Models;
			sourceTree = "<group>";
		};
		A98F28912A9A9F99002585F5 /* Deadline_Details */ = {
			isa = PBXGroup;
			children = (
				A9200BA22A9DC2BF0017C9BA /* NewDeadlineForm.swift */,
				A9B774962A9FE7310037E598 /* DeadlineDetails.swift */,
				A96D99DD2AA82B4D00D30AD0 /* DeadlineDetailsTitle.swift */,
				A96D99DF2AA82D1400D30AD0 /* DeadlineDetailCountdownView.swift */,
				A9076C5E2AB507B90080BCA4 /* BubbleCountdownTimer.swift */,
				A9B71C682AB8F03F0049061D /* BubbleDateComponentView.swift */,
			);
			path = Deadline_Details;
			sourceTree = "<group>";
		};
		A98F28A12A9D2233002585F5 /* Resources */ = {
			isa = PBXGroup;
			children = (
				A9A178152A9D2CD1000B62A7 /* uc_merced_seal.png */,
				A98F28A22A9D224D002585F5 /* SampleDeadline.swift */,
			);
			path = Resources;
			sourceTree = "<group>";
		};
		A9A1781B2A9D3364000B62A7 /* Components */ = {
			isa = PBXGroup;
			children = (
				A9200BAD2A9EB7E30017C9BA /* InputTextField.swift */,
				A9CCCB6B2A9EF023006B45AD /* InputDatePicker.swift */,
				A9B7749B2AA0558A0037E598 /* CountdownDateTimer.swift */,
				A96D99E12AA831ED00D30AD0 /* SnapshotDateView.swift */,
				A96D99D12AA7CE6700D30AD0 /* PrimaryWithSecondaryView.swift */,
				A96D99DA2AA8210F00D30AD0 /* CenteredHStack.swift */,
				A90D97A72ABA97EF000D682C /* RectangleButton.swift */,
			);
			path = Components;
			sourceTree = "<group>";
		};
		A9B37A912ABC046D0077621B /* Date */ = {
			isa = PBXGroup;
			children = (
				A9B37A922ABC04860077621B /* DateComponent.swift */,
				A9B7749D2AA056900037E598 /* DateUtil.swift */,
			);
			path = Date;
			sourceTree = "<group>";
		};
		A9B774A32AA13D5A0037E598 /* Dependency_Injection */ = {
			isa = PBXGroup;
			children = (
				A9B774A42AA13D5A0037E598 /* Injected.swift */,
				A9BD674F2AAA4B8900C1CC03 /* InjectedKeys.swift */,
				A9BD67542AAA4BC700C1CC03 /* AppGroupInjectedKeys.swift */,
			);
			path = Dependency_Injection;
			sourceTree = "<group>";
		};
		A9BD67172AA91E1600C1CC03 /* Frameworks */ = {
			isa = PBXGroup;
			children = (
				A9BD67182AA91E1600C1CC03 /* WidgetKit.framework */,
				A9BD671A2AA91E1600C1CC03 /* SwiftUI.framework */,
			);
			name = Frameworks;
			sourceTree = "<group>";
		};
		A9BD671C2AA91E1600C1CC03 /* TimeFlareWidget */ = {
			isa = PBXGroup;
			children = (
				A9BD672C2AA91EFF00C1CC03 /* Model */,
				A9BD672B2AA91EF900C1CC03 /* View */,
				A9BD671D2AA91E1600C1CC03 /* TimeFlareWidgetBundle.swift */,
				A9BD671F2AA91E1600C1CC03 /* TimeFlareWidget.swift */,
				A9BD67212AA91E1800C1CC03 /* Assets.xcassets */,
				A9BD67232AA91E1800C1CC03 /* Info.plist */,
			);
			path = TimeFlareWidget;
			sourceTree = "<group>";
		};
		A9BD672B2AA91EF900C1CC03 /* View */ = {
			isa = PBXGroup;
			children = (
				A9BD67352AA920B900C1CC03 /* TimeFlareWidgetEntryView.swift */,
				A9BD675A2AAA832000C1CC03 /* DeadlineSummaryHeadlineView.swift */,
				A9BD675D2AAA850800C1CC03 /* DeadlineCountdownView.swift */,
				A9BD67602AAA857700C1CC03 /* DeadlineDayAndYearView.swift */,
				A9BD67632AAA8A5500C1CC03 /* DeadlineSummaryView.swift */,
				A9135B542AAAFCD700B5D628 /* DeadlineSummaryBodyView.swift */,
				A9BD67662AAA8ACE00C1CC03 /* NoDeadlineSummarySelectedView.swift */,
			);
			path = View;
			sourceTree = "<group>";
		};
		A9BD672C2AA91EFF00C1CC03 /* Model */ = {
			isa = PBXGroup;
			children = (
				A9BD674E2AA9ACBB00C1CC03 /* AppIntent */,
				A9BD67472AA9A63E00C1CC03 /* DeadlineSummary.swift */,
				A9BD67322AA9208E00C1CC03 /* DeadlineCountdownEntry.swift */,
				A9BD67302AA9206600C1CC03 /* Provider.swift */,
			);
			path = Model;
			sourceTree = "<group>";
		};
		A9BD674E2AA9ACBB00C1CC03 /* AppIntent */ = {
			isa = PBXGroup;
			children = (
				A9BD67442AA9A3BB00C1CC03 /* TimeFlareWidgetConfigurationIntent.swift */,
				A9BD674B2AA9A9A400C1CC03 /* DeadlineSummaryEntityQuery.swift */,
			);
			path = AppIntent;
			sourceTree = "<group>";
		};
/* End PBXGroup section */

/* Begin PBXNativeTarget section */
		A98F28772A99CB67002585F5 /* TimeFlare */ = {
			isa = PBXNativeTarget;
			buildConfigurationList = A98F28862A99CB6C002585F5 /* Build configuration list for PBXNativeTarget "TimeFlare" */;
			buildPhases = (
				A98F28742A99CB67002585F5 /* Sources */,
				A98F28752A99CB67002585F5 /* Frameworks */,
				A98F28762A99CB67002585F5 /* Resources */,
				A9A178142A9D296F000B62A7 /* Embed Frameworks */,
				A9A178282A9D3F7A000B62A7 /* Embed Frameworks */,
				A9B774952A9F1EE40037E598 /* Swiftlint */,
				A9BD67272AA91E1800C1CC03 /* Embed Foundation Extensions */,
			);
			buildRules = (
			);
			dependencies = (
				A9BD67252AA91E1800C1CC03 /* PBXTargetDependency */,
			);
			name = TimeFlare;
			packageProductDependencies = (
			);
			productName = TimeFlare;
			productReference = A9CCCB6A2A9EE23A006B45AD /* TimeFlare.app */;
			productType = "com.apple.product-type.application";
		};
		A9BD67152AA91E1600C1CC03 /* TimeFlareWidgetExtension */ = {
			isa = PBXNativeTarget;
			buildConfigurationList = A9BD672A2AA91E1800C1CC03 /* Build configuration list for PBXNativeTarget "TimeFlareWidgetExtension" */;
			buildPhases = (
				A9BD67122AA91E1600C1CC03 /* Sources */,
				A9BD67132AA91E1600C1CC03 /* Frameworks */,
				A9BD67142AA91E1600C1CC03 /* Resources */,
			);
			buildRules = (
			);
			dependencies = (
			);
			name = TimeFlareWidgetExtension;
			productName = TimeFlareWidgetExtension;
			productReference = A9BD67162AA91E1600C1CC03 /* TimeFlareWidgetExtension.appex */;
			productType = "com.apple.product-type.app-extension";
		};
/* End PBXNativeTarget section */

/* Begin PBXProject section */
		A98F28702A99CB67002585F5 /* Project object */ = {
			isa = PBXProject;
			attributes = {
				BuildIndependentTargetsInParallel = 1;
				LastSwiftUpdateCheck = 1500;
				LastUpgradeCheck = 1500;
				TargetAttributes = {
					A98F28772A99CB67002585F5 = {
						CreatedOnToolsVersion = 15.0;
					};
					A9BD67152AA91E1600C1CC03 = {
						CreatedOnToolsVersion = 15.0;
					};
				};
			};
			buildConfigurationList = A98F28732A99CB67002585F5 /* Build configuration list for PBXProject "TimeFlare" */;
			compatibilityVersion = "Xcode 14.0";
			developmentRegion = en;
			hasScannedForEncodings = 0;
			knownRegions = (
				en,
				Base,
			);
			mainGroup = A98F286F2A99CB67002585F5;
			packageReferences = (
			);
			productRefGroup = A98F286F2A99CB67002585F5;
			projectDirPath = "";
			projectRoot = "";
			targets = (
				A98F28772A99CB67002585F5 /* TimeFlare */,
				A9BD67152AA91E1600C1CC03 /* TimeFlareWidgetExtension */,
			);
		};
/* End PBXProject section */

/* Begin PBXResourcesBuildPhase section */
		A98F28762A99CB67002585F5 /* Resources */ = {
			isa = PBXResourcesBuildPhase;
			buildActionMask = 2147483647;
			files = (
				A9A178162A9D2CD1000B62A7 /* uc_merced_seal.png in Resources */,
				A98F288B2A9A9099002585F5 /* LaunchScreen.storyboard in Resources */,
				A98F28832A99CB6C002585F5 /* Preview Assets.xcassets in Resources */,
				A98F28802A99CB6C002585F5 /* Assets.xcassets in Resources */,
			);
			runOnlyForDeploymentPostprocessing = 0;
		};
		A9BD67142AA91E1600C1CC03 /* Resources */ = {
			isa = PBXResourcesBuildPhase;
			buildActionMask = 2147483647;
			files = (
				A90D97A42ABA6E6E000D682C /* Assets.xcassets in Resources */,
				A9BD67222AA91E1800C1CC03 /* Assets.xcassets in Resources */,
			);
			runOnlyForDeploymentPostprocessing = 0;
		};
/* End PBXResourcesBuildPhase section */

/* Begin PBXShellScriptBuildPhase section */
		A9B774952A9F1EE40037E598 /* Swiftlint */ = {
			isa = PBXShellScriptBuildPhase;
			alwaysOutOfDate = 1;
			buildActionMask = 2147483647;
			files = (
			);
			inputFileListPaths = (
			);
			inputPaths = (
			);
			name = Swiftlint;
			outputFileListPaths = (
			);
			outputPaths = (
			);
			runOnlyForDeploymentPostprocessing = 0;
			shellPath = /bin/sh;
			shellScript = "if which swiftlint > /dev/null; then\n  swiftlint \"$PROJECT_DIR\"\nelse\n  echo \"warning: SwiftLint not installed, download from https://github.com/realm/SwiftLint\"\nfi\n";
		};
/* End PBXShellScriptBuildPhase section */

/* Begin PBXSourcesBuildPhase section */
		A98F28742A99CB67002585F5 /* Sources */ = {
			isa = PBXSourcesBuildPhase;
			buildActionMask = 2147483647;
			files = (
				A9200B9D2A9DA7190017C9BA /* DeadlineManager.swift in Sources */,
				A9B7749E2AA056900037E598 /* DateUtil.swift in Sources */,
				A90D97A62ABA7286000D682C /* OnboardingItemView.swift in Sources */,
				A96D99D22AA7CE6700D30AD0 /* PrimaryWithSecondaryView.swift in Sources */,
				A9BD67582AAA512500C1CC03 /* DeadlineSummaryEntityQuery.swift in Sources */,
				A96D99D02AA7C39900D30AD0 /* FeaturedDeadlineInfo.swift in Sources */,
				A9B37A932ABC04860077621B /* DateComponent.swift in Sources */,
				A9076C5F2AB507B90080BCA4 /* BubbleCountdownTimer.swift in Sources */,
				A9CCCB6C2A9EF023006B45AD /* InputDatePicker.swift in Sources */,
				A98F28932A9A9FB0002585F5 /* DeadlineRow.swift in Sources */,
				A90D97A82ABA97EF000D682C /* RectangleButton.swift in Sources */,
				A96D99D92AA8142400D30AD0 /* ImageThumbnail.swift in Sources */,
				A9135B4F2AAAEB0800B5D628 /* DeadlineSummaryFileService.swift in Sources */,
				A9B71C6B2AB8F0590049061D /* DateItem.swift in Sources */,
				A98F287E2A99CB67002585F5 /* MainContentView.swift in Sources */,
				A9135B522AAAF06A00B5D628 /* TimeFlareWidgetConfigurationIntent.swift in Sources */,
				A9200BAC2A9EAE1B0017C9BA /* NonEditingImagePickerView.swift in Sources */,
				A9A7A0012AA30A3400C3FCAA /* EmptyDeadlinesView.swift in Sources */,
				A9B774972A9FE7310037E598 /* DeadlineDetails.swift in Sources */,
				A9200BA52A9E796C0017C9BA /* ImagePickerView.swift in Sources */,
				A9BD67612AAA857700C1CC03 /* DeadlineDayAndYearView.swift in Sources */,
				A9BD67432AA96D7400C1CC03 /* DeadlineSchemaMigrationPlan.swift in Sources */,
				A9BD675E2AAA850800C1CC03 /* DeadlineCountdownView.swift in Sources */,
				A98F287C2A99CB67002585F5 /* TimeFlareApp.swift in Sources */,
				A9A1781A2A9D326F000B62A7 /* DeadlineDashboard.swift in Sources */,
				A96D99E02AA82D1400D30AD0 /* DeadlineDetailCountdownView.swift in Sources */,
				A96D99DE2AA82B4D00D30AD0 /* DeadlineDetailsTitle.swift in Sources */,
				A9B7749C2AA0558A0037E598 /* CountdownDateTimer.swift in Sources */,
				A9BD673C2AA92F6B00C1CC03 /* AppGroup.swift in Sources */,
				A96D99E22AA831ED00D30AD0 /* SnapshotDateView.swift in Sources */,
				A97E32082ABD1D9B002652B5 /* PoliciesAndTermsView.swift in Sources */,
				A9A1781D2A9D34C0000B62A7 /* Image+Extension.swift in Sources */,
				A9242A602AA14D52005C1BF5 /* DeadlineStorage.swift in Sources */,
				A9BD676B2AAAA86E00C1CC03 /* DeepLink.swift in Sources */,
				A9200BA72A9E94DB0017C9BA /* FileService.swift in Sources */,
				A90D97A32ABA5257000D682C /* WelcomeView.swift in Sources */,
				A9200B9F2A9DC2070017C9BA /* Namespace.swift in Sources */,
				A9200BAA2A9EA6340017C9BA /* ImagePickerViewController.swift in Sources */,
				A95FD0582ABA26030016D929 /* UserDefaults.swift in Sources */,
				A96D99D42AA7D1E900D30AD0 /* View+Extension.swift in Sources */,
				A98F28952A9A9FD0002585F5 /* Deadline.swift in Sources */,
				A9BD67502AAA4B8900C1CC03 /* InjectedKeys.swift in Sources */,
				A9135B4B2AAAB69700B5D628 /* DeadlineDeepLinkModel.swift in Sources */,
				A9BD67572AAA4D4900C1CC03 /* DeadlineSummary.swift in Sources */,
				A9B774A02AA05A330037E598 /* Int+Extension.swift in Sources */,
				A9A178202A9D3721000B62A7 /* DashboardToolbar.swift in Sources */,
				A98F28A32A9D224D002585F5 /* SampleDeadline.swift in Sources */,
				A9B71C692AB8F03F0049061D /* BubbleDateComponentView.swift in Sources */,
				A90D97AA2ABA99CE000D682C /* AppLaunchModel.swift in Sources */,
				A90D97AE2ABA9CD4000D682C /* OnboardingItem.swift in Sources */,
				A9200BA32A9DC2BF0017C9BA /* NewDeadlineForm.swift in Sources */,
				A9BD67552AAA4BC700C1CC03 /* AppGroupInjectedKeys.swift in Sources */,
				A96D99D62AA7DD9600D30AD0 /* DeadlineListSection.swift in Sources */,
				A9135B4D2AAAE85000B5D628 /* WidgetUpdateManager.swift in Sources */,
				A97D4DF92AB294D400E1F720 /* DeadlineRowModel.swift in Sources */,
				A9242A622AA1ACB1005C1BF5 /* FeaturedDeadline.swift in Sources */,
				A9200BAE2A9EB7E30017C9BA /* InputTextField.swift in Sources */,
				A9A178182A9D2ED4000B62A7 /* Data+Extension.swift in Sources */,
				A9B774A52AA13D5A0037E598 /* Injected.swift in Sources */,
				A96D99DB2AA8210F00D30AD0 /* CenteredHStack.swift in Sources */,
			);
			runOnlyForDeploymentPostprocessing = 0;
		};
		A9BD67122AA91E1600C1CC03 /* Sources */ = {
			isa = PBXSourcesBuildPhase;
			buildActionMask = 2147483647;
			files = (
				A90D97AF2ABA9DEF000D682C /* DeadlineSummaryFileService.swift in Sources */,
				A9B37A942ABC049A0077621B /* DateUtil.swift in Sources */,
				A9BD67492AA9A63E00C1CC03 /* DeadlineSummary.swift in Sources */,
				A9BD67332AA9208E00C1CC03 /* DeadlineCountdownEntry.swift in Sources */,
				A9BD67382AA9219A00C1CC03 /* Data+Extension.swift in Sources */,
				A9BD67522AAA4BA100C1CC03 /* Injected.swift in Sources */,
				A9BD67462AA9A3BB00C1CC03 /* TimeFlareWidgetConfigurationIntent.swift in Sources */,
				A9BD675C2AAA832000C1CC03 /* DeadlineSummaryHeadlineView.swift in Sources */,
				A9BD671E2AA91E1600C1CC03 /* TimeFlareWidgetBundle.swift in Sources */,
				A9BD674D2AA9A9A400C1CC03 /* DeadlineSummaryEntityQuery.swift in Sources */,
				A9135B562AAAFCFA00B5D628 /* DeadlineSummaryBodyView.swift in Sources */,
				A9BD67682AAA8ACE00C1CC03 /* NoDeadlineSummarySelectedView.swift in Sources */,
				A9BD67592AAA7E2200C1CC03 /* Int+Extension.swift in Sources */,
				A9BD676C2AAAA86E00C1CC03 /* DeepLink.swift in Sources */,
				A9BD67652AAA8A5500C1CC03 /* DeadlineSummaryView.swift in Sources */,
				A9BD67622AAA857700C1CC03 /* DeadlineDayAndYearView.swift in Sources */,
				A9135B512AAAECF000B5D628 /* AppGroupInjectedKeys.swift in Sources */,
				A9BD67362AA920B900C1CC03 /* TimeFlareWidgetEntryView.swift in Sources */,
				A9BD675F2AAA850800C1CC03 /* DeadlineCountdownView.swift in Sources */,
				A9BD67312AA9206600C1CC03 /* Provider.swift in Sources */,
				A9B37A952ABC049D0077621B /* DateComponent.swift in Sources */,
				A9BD67202AA91E1600C1CC03 /* TimeFlareWidget.swift in Sources */,
				A9BD673D2AA92F6B00C1CC03 /* AppGroup.swift in Sources */,
			);
			runOnlyForDeploymentPostprocessing = 0;
		};
/* End PBXSourcesBuildPhase section */

/* Begin PBXTargetDependency section */
		A9BD67252AA91E1800C1CC03 /* PBXTargetDependency */ = {
			isa = PBXTargetDependency;
			target = A9BD67152AA91E1600C1CC03 /* TimeFlareWidgetExtension */;
			targetProxy = A9BD67242AA91E1800C1CC03 /* PBXContainerItemProxy */;
		};
/* End PBXTargetDependency section */

/* Begin XCBuildConfiguration section */
		A98F28842A99CB6C002585F5 /* Debug */ = {
			isa = XCBuildConfiguration;
			buildSettings = {
				ALWAYS_SEARCH_USER_PATHS = NO;
				ASSETCATALOG_COMPILER_GENERATE_SWIFT_ASSET_SYMBOL_EXTENSIONS = YES;
				CLANG_ANALYZER_NONNULL = YES;
				CLANG_ANALYZER_NUMBER_OBJECT_CONVERSION = YES_AGGRESSIVE;
				CLANG_CXX_LANGUAGE_STANDARD = "gnu++20";
				CLANG_ENABLE_MODULES = YES;
				CLANG_ENABLE_OBJC_ARC = YES;
				CLANG_ENABLE_OBJC_WEAK = YES;
				CLANG_WARN_BLOCK_CAPTURE_AUTORELEASING = YES;
				CLANG_WARN_BOOL_CONVERSION = YES;
				CLANG_WARN_COMMA = YES;
				CLANG_WARN_CONSTANT_CONVERSION = YES;
				CLANG_WARN_DEPRECATED_OBJC_IMPLEMENTATIONS = YES;
				CLANG_WARN_DIRECT_OBJC_ISA_USAGE = YES_ERROR;
				CLANG_WARN_DOCUMENTATION_COMMENTS = YES;
				CLANG_WARN_EMPTY_BODY = YES;
				CLANG_WARN_ENUM_CONVERSION = YES;
				CLANG_WARN_INFINITE_RECURSION = YES;
				CLANG_WARN_INT_CONVERSION = YES;
				CLANG_WARN_NON_LITERAL_NULL_CONVERSION = YES;
				CLANG_WARN_OBJC_IMPLICIT_RETAIN_SELF = YES;
				CLANG_WARN_OBJC_LITERAL_CONVERSION = YES;
				CLANG_WARN_OBJC_ROOT_CLASS = YES_ERROR;
				CLANG_WARN_QUOTED_INCLUDE_IN_FRAMEWORK_HEADER = YES;
				CLANG_WARN_RANGE_LOOP_ANALYSIS = YES;
				CLANG_WARN_STRICT_PROTOTYPES = YES;
				CLANG_WARN_SUSPICIOUS_MOVE = YES;
				CLANG_WARN_UNGUARDED_AVAILABILITY = YES_AGGRESSIVE;
				CLANG_WARN_UNREACHABLE_CODE = YES;
				CLANG_WARN__DUPLICATE_METHOD_MATCH = YES;
				COPY_PHASE_STRIP = NO;
				DEBUG_INFORMATION_FORMAT = dwarf;
				ENABLE_STRICT_OBJC_MSGSEND = YES;
				ENABLE_TESTABILITY = YES;
				ENABLE_USER_SCRIPT_SANDBOXING = NO;
				GCC_C_LANGUAGE_STANDARD = gnu17;
				GCC_DYNAMIC_NO_PIC = NO;
				GCC_NO_COMMON_BLOCKS = YES;
				GCC_OPTIMIZATION_LEVEL = 0;
				GCC_PREPROCESSOR_DEFINITIONS = (
					"DEBUG=1",
					"$(inherited)",
				);
				GCC_WARN_64_TO_32_BIT_CONVERSION = YES;
				GCC_WARN_ABOUT_RETURN_TYPE = YES_ERROR;
				GCC_WARN_UNDECLARED_SELECTOR = YES;
				GCC_WARN_UNINITIALIZED_AUTOS = YES_AGGRESSIVE;
				GCC_WARN_UNUSED_FUNCTION = YES;
				GCC_WARN_UNUSED_VARIABLE = YES;
				IPHONEOS_DEPLOYMENT_TARGET = 17.0;
				LOCALIZATION_PREFERS_STRING_CATALOGS = YES;
				MTL_ENABLE_DEBUG_INFO = INCLUDE_SOURCE;
				MTL_FAST_MATH = YES;
				ONLY_ACTIVE_ARCH = YES;
				SDKROOT = iphoneos;
				SWIFT_ACTIVE_COMPILATION_CONDITIONS = "DEBUG $(inherited)";
				SWIFT_OPTIMIZATION_LEVEL = "-Onone";
			};
			name = Debug;
		};
		A98F28852A99CB6C002585F5 /* Release */ = {
			isa = XCBuildConfiguration;
			buildSettings = {
				ALWAYS_SEARCH_USER_PATHS = NO;
				ASSETCATALOG_COMPILER_GENERATE_SWIFT_ASSET_SYMBOL_EXTENSIONS = YES;
				CLANG_ANALYZER_NONNULL = YES;
				CLANG_ANALYZER_NUMBER_OBJECT_CONVERSION = YES_AGGRESSIVE;
				CLANG_CXX_LANGUAGE_STANDARD = "gnu++20";
				CLANG_ENABLE_MODULES = YES;
				CLANG_ENABLE_OBJC_ARC = YES;
				CLANG_ENABLE_OBJC_WEAK = YES;
				CLANG_WARN_BLOCK_CAPTURE_AUTORELEASING = YES;
				CLANG_WARN_BOOL_CONVERSION = YES;
				CLANG_WARN_COMMA = YES;
				CLANG_WARN_CONSTANT_CONVERSION = YES;
				CLANG_WARN_DEPRECATED_OBJC_IMPLEMENTATIONS = YES;
				CLANG_WARN_DIRECT_OBJC_ISA_USAGE = YES_ERROR;
				CLANG_WARN_DOCUMENTATION_COMMENTS = YES;
				CLANG_WARN_EMPTY_BODY = YES;
				CLANG_WARN_ENUM_CONVERSION = YES;
				CLANG_WARN_INFINITE_RECURSION = YES;
				CLANG_WARN_INT_CONVERSION = YES;
				CLANG_WARN_NON_LITERAL_NULL_CONVERSION = YES;
				CLANG_WARN_OBJC_IMPLICIT_RETAIN_SELF = YES;
				CLANG_WARN_OBJC_LITERAL_CONVERSION = YES;
				CLANG_WARN_OBJC_ROOT_CLASS = YES_ERROR;
				CLANG_WARN_QUOTED_INCLUDE_IN_FRAMEWORK_HEADER = YES;
				CLANG_WARN_RANGE_LOOP_ANALYSIS = YES;
				CLANG_WARN_STRICT_PROTOTYPES = YES;
				CLANG_WARN_SUSPICIOUS_MOVE = YES;
				CLANG_WARN_UNGUARDED_AVAILABILITY = YES_AGGRESSIVE;
				CLANG_WARN_UNREACHABLE_CODE = YES;
				CLANG_WARN__DUPLICATE_METHOD_MATCH = YES;
				COPY_PHASE_STRIP = NO;
				DEBUG_INFORMATION_FORMAT = "dwarf-with-dsym";
				ENABLE_NS_ASSERTIONS = NO;
				ENABLE_STRICT_OBJC_MSGSEND = YES;
				ENABLE_USER_SCRIPT_SANDBOXING = NO;
				GCC_C_LANGUAGE_STANDARD = gnu17;
				GCC_NO_COMMON_BLOCKS = YES;
				GCC_WARN_64_TO_32_BIT_CONVERSION = YES;
				GCC_WARN_ABOUT_RETURN_TYPE = YES_ERROR;
				GCC_WARN_UNDECLARED_SELECTOR = YES;
				GCC_WARN_UNINITIALIZED_AUTOS = YES_AGGRESSIVE;
				GCC_WARN_UNUSED_FUNCTION = YES;
				GCC_WARN_UNUSED_VARIABLE = YES;
				IPHONEOS_DEPLOYMENT_TARGET = 17.0;
				LOCALIZATION_PREFERS_STRING_CATALOGS = YES;
				MTL_ENABLE_DEBUG_INFO = NO;
				MTL_FAST_MATH = YES;
				SDKROOT = iphoneos;
				SWIFT_COMPILATION_MODE = wholemodule;
				VALIDATE_PRODUCT = YES;
			};
			name = Release;
		};
		A98F28872A99CB6C002585F5 /* Debug */ = {
			isa = XCBuildConfiguration;
			buildSettings = {
				ALWAYS_EMBED_SWIFT_STANDARD_LIBRARIES = YES;
				ASSETCATALOG_COMPILER_APPICON_NAME = AppIcon;
				ASSETCATALOG_COMPILER_GLOBAL_ACCENT_COLOR_NAME = AccentColor;
				CODE_SIGN_ENTITLEMENTS = TimeFlare/TimeFlare.entitlements;
				"CODE_SIGN_IDENTITY[sdk=iphoneos*]" = "iPhone Developer";
				CODE_SIGN_STYLE = Manual;
				CURRENT_PROJECT_VERSION = 1;
				DEVELOPMENT_ASSET_PATHS = "\"TimeFlare/Preview Content\"";
				DEVELOPMENT_TEAM = "";
				"DEVELOPMENT_TEAM[sdk=iphoneos*]" = FJAA2F3LCL;
				ENABLE_PREVIEWS = YES;
				GENERATE_INFOPLIST_FILE = YES;
				INFOPLIST_FILE = TimeFlare/Info.plist;
				INFOPLIST_KEY_LSApplicationCategoryType = "public.app-category.productivity";
				INFOPLIST_KEY_UIApplicationSceneManifest_Generation = YES;
				INFOPLIST_KEY_UIApplicationSupportsIndirectInputEvents = YES;
				INFOPLIST_KEY_UILaunchStoryboardName = LaunchScreen.storyboard;
				INFOPLIST_KEY_UISupportedInterfaceOrientations_iPad = "UIInterfaceOrientationPortrait UIInterfaceOrientationPortraitUpsideDown UIInterfaceOrientationLandscapeLeft UIInterfaceOrientationLandscapeRight";
				INFOPLIST_KEY_UISupportedInterfaceOrientations_iPhone = UIInterfaceOrientationPortrait;
				LD_RUNPATH_SEARCH_PATHS = (
					"$(inherited)",
					"@executable_path/Frameworks",
				);
				MARKETING_VERSION = 1.0.0;
				PRODUCT_BUNDLE_IDENTIFIER = com.ricardosm.TimeFlare;
				PRODUCT_NAME = "$(TARGET_NAME)";
				PROVISIONING_PROFILE_SPECIFIER = "";
				"PROVISIONING_PROFILE_SPECIFIER[sdk=iphoneos*]" = "TimeFlare iOS App Profile";
				SUPPORTED_PLATFORMS = "iphoneos iphonesimulator";
				SUPPORTS_MACCATALYST = NO;
				SUPPORTS_MAC_DESIGNED_FOR_IPHONE_IPAD = NO;
				SWIFT_EMIT_LOC_STRINGS = YES;
				SWIFT_VERSION = 5.0;
				TARGETED_DEVICE_FAMILY = 1;
			};
			name = Debug;
		};
		A98F28882A99CB6C002585F5 /* Release */ = {
			isa = XCBuildConfiguration;
			buildSettings = {
				ALWAYS_EMBED_SWIFT_STANDARD_LIBRARIES = YES;
				ASSETCATALOG_COMPILER_APPICON_NAME = AppIcon;
				ASSETCATALOG_COMPILER_GLOBAL_ACCENT_COLOR_NAME = AccentColor;
				CODE_SIGN_ENTITLEMENTS = TimeFlare/TimeFlare.entitlements;
				"CODE_SIGN_IDENTITY[sdk=iphoneos*]" = "iPhone Developer";
				CODE_SIGN_STYLE = Manual;
				CURRENT_PROJECT_VERSION = 1;
				DEVELOPMENT_ASSET_PATHS = "\"TimeFlare/Preview Content\"";
				DEVELOPMENT_TEAM = "";
				"DEVELOPMENT_TEAM[sdk=iphoneos*]" = FJAA2F3LCL;
				ENABLE_PREVIEWS = YES;
				GENERATE_INFOPLIST_FILE = YES;
				INFOPLIST_FILE = TimeFlare/Info.plist;
				INFOPLIST_KEY_LSApplicationCategoryType = "public.app-category.productivity";
				INFOPLIST_KEY_UIApplicationSceneManifest_Generation = YES;
				INFOPLIST_KEY_UIApplicationSupportsIndirectInputEvents = YES;
				INFOPLIST_KEY_UILaunchStoryboardName = LaunchScreen.storyboard;
				INFOPLIST_KEY_UISupportedInterfaceOrientations_iPad = "UIInterfaceOrientationPortrait UIInterfaceOrientationPortraitUpsideDown UIInterfaceOrientationLandscapeLeft UIInterfaceOrientationLandscapeRight";
				INFOPLIST_KEY_UISupportedInterfaceOrientations_iPhone = UIInterfaceOrientationPortrait;
				LD_RUNPATH_SEARCH_PATHS = (
					"$(inherited)",
					"@executable_path/Frameworks",
				);
				MARKETING_VERSION = 1.0.0;
				PRODUCT_BUNDLE_IDENTIFIER = com.ricardosm.TimeFlare;
				PRODUCT_NAME = "$(TARGET_NAME)";
				PROVISIONING_PROFILE_SPECIFIER = "";
				"PROVISIONING_PROFILE_SPECIFIER[sdk=iphoneos*]" = "TimeFlare iOS App Profile";
				SUPPORTED_PLATFORMS = "iphoneos iphonesimulator";
				SUPPORTS_MACCATALYST = NO;
				SUPPORTS_MAC_DESIGNED_FOR_IPHONE_IPAD = NO;
				SWIFT_EMIT_LOC_STRINGS = YES;
				SWIFT_VERSION = 5.0;
				TARGETED_DEVICE_FAMILY = 1;
			};
			name = Release;
		};
		A9BD67282AA91E1800C1CC03 /* Debug */ = {
			isa = XCBuildConfiguration;
			buildSettings = {
				ASSETCATALOG_COMPILER_GLOBAL_ACCENT_COLOR_NAME = AccentColor;
				ASSETCATALOG_COMPILER_WIDGET_BACKGROUND_COLOR_NAME = WidgetBackground;
				CODE_SIGN_ENTITLEMENTS = TimeFlareWidgetExtension.entitlements;
				"CODE_SIGN_IDENTITY[sdk=iphoneos*]" = "iPhone Developer";
				CODE_SIGN_STYLE = Manual;
				CURRENT_PROJECT_VERSION = 1;
				DEVELOPMENT_TEAM = "";
				"DEVELOPMENT_TEAM[sdk=iphoneos*]" = FJAA2F3LCL;
				ENABLE_USER_SCRIPT_SANDBOXING = YES;
				GENERATE_INFOPLIST_FILE = YES;
				INFOPLIST_FILE = TimeFlareWidget/Info.plist;
				INFOPLIST_KEY_CFBundleDisplayName = TimeFlareWidget;
				INFOPLIST_KEY_NSHumanReadableCopyright = "";
				LD_RUNPATH_SEARCH_PATHS = (
					"$(inherited)",
					"@executable_path/Frameworks",
					"@executable_path/../../Frameworks",
				);
				MARKETING_VERSION = 1.0;
				PRODUCT_BUNDLE_IDENTIFIER = com.ricardosm.TimeFlare.TimeFlareWidget;
				PRODUCT_NAME = "$(TARGET_NAME)";
				PROVISIONING_PROFILE_SPECIFIER = "";
				"PROVISIONING_PROFILE_SPECIFIER[sdk=iphoneos*]" = "TimeFlare Widget Profile";
				SKIP_INSTALL = YES;
				SUPPORTED_PLATFORMS = "iphoneos iphonesimulator";
				SUPPORTS_MACCATALYST = NO;
				SUPPORTS_MAC_DESIGNED_FOR_IPHONE_IPAD = NO;
				SWIFT_EMIT_LOC_STRINGS = YES;
				SWIFT_VERSION = 5.0;
				TARGETED_DEVICE_FAMILY = 1;
			};
			name = Debug;
		};
		A9BD67292AA91E1800C1CC03 /* Release */ = {
			isa = XCBuildConfiguration;
			buildSettings = {
				ASSETCATALOG_COMPILER_GLOBAL_ACCENT_COLOR_NAME = AccentColor;
				ASSETCATALOG_COMPILER_WIDGET_BACKGROUND_COLOR_NAME = WidgetBackground;
				CODE_SIGN_ENTITLEMENTS = TimeFlareWidgetExtension.entitlements;
				"CODE_SIGN_IDENTITY[sdk=iphoneos*]" = "iPhone Developer";
				CODE_SIGN_STYLE = Manual;
				CURRENT_PROJECT_VERSION = 1;
				DEVELOPMENT_TEAM = "";
				"DEVELOPMENT_TEAM[sdk=iphoneos*]" = FJAA2F3LCL;
				ENABLE_USER_SCRIPT_SANDBOXING = YES;
				GENERATE_INFOPLIST_FILE = YES;
				INFOPLIST_FILE = TimeFlareWidget/Info.plist;
				INFOPLIST_KEY_CFBundleDisplayName = TimeFlareWidget;
				INFOPLIST_KEY_NSHumanReadableCopyright = "";
				LD_RUNPATH_SEARCH_PATHS = (
					"$(inherited)",
					"@executable_path/Frameworks",
					"@executable_path/../../Frameworks",
				);
				MARKETING_VERSION = 1.0;
				PRODUCT_BUNDLE_IDENTIFIER = com.ricardosm.TimeFlare.TimeFlareWidget;
				PRODUCT_NAME = "$(TARGET_NAME)";
				PROVISIONING_PROFILE_SPECIFIER = "";
				"PROVISIONING_PROFILE_SPECIFIER[sdk=iphoneos*]" = "TimeFlare Widget Profile";
				SKIP_INSTALL = YES;
				SUPPORTED_PLATFORMS = "iphoneos iphonesimulator";
				SUPPORTS_MACCATALYST = NO;
				SUPPORTS_MAC_DESIGNED_FOR_IPHONE_IPAD = NO;
				SWIFT_EMIT_LOC_STRINGS = YES;
				SWIFT_VERSION = 5.0;
				TARGETED_DEVICE_FAMILY = 1;
			};
			name = Release;
		};
/* End XCBuildConfiguration section */

/* Begin XCConfigurationList section */
		A98F28732A99CB67002585F5 /* Build configuration list for PBXProject "TimeFlare" */ = {
			isa = XCConfigurationList;
			buildConfigurations = (
				A98F28842A99CB6C002585F5 /* Debug */,
				A98F28852A99CB6C002585F5 /* Release */,
			);
			defaultConfigurationIsVisible = 0;
			defaultConfigurationName = Release;
		};
		A98F28862A99CB6C002585F5 /* Build configuration list for PBXNativeTarget "TimeFlare" */ = {
			isa = XCConfigurationList;
			buildConfigurations = (
				A98F28872A99CB6C002585F5 /* Debug */,
				A98F28882A99CB6C002585F5 /* Release */,
			);
			defaultConfigurationIsVisible = 0;
			defaultConfigurationName = Release;
		};
		A9BD672A2AA91E1800C1CC03 /* Build configuration list for PBXNativeTarget "TimeFlareWidgetExtension" */ = {
			isa = XCConfigurationList;
			buildConfigurations = (
				A9BD67282AA91E1800C1CC03 /* Debug */,
				A9BD67292AA91E1800C1CC03 /* Release */,
			);
			defaultConfigurationIsVisible = 0;
			defaultConfigurationName = Release;
		};
/* End XCConfigurationList section */
	};
	rootObject = A98F28702A99CB67002585F5 /* Project object */;
}
